
Microsoft Visual Studio Solution File, Format Version 12.00
# Visual Studio 15
VisualStudioVersion = 15.0.27428.2027
MinimumVisualStudioVersion = 10.0.40219.1
Project("{FAE04EC0-301F-11D3-BF4B-00C04F79EFBC}") = "Homework02(1)", "Homework02(1)\Homework02(1).csproj", "{6B473544-B34F-4DCC-A6E8-FD915850AF30}"
EndProject
Global
	GlobalSection(SolutionConfigurationPlatforms) = preSolution
		Debug|Any CPU = Debug|Any CPU
		Release|Any CPU = Release|Any CPU
	EndGlobalSection
	GlobalSection(ProjectConfigurationPlatforms) = postSolution
		{6B473544-B34F-4DCC-A6E8-FD915850AF30}.Debug|Any CPU.ActiveCfg = Debug|Any CPU
		{6B473544-B34F-4DCC-A6E8-FD915850AF30}.Debug|Any CPU.Build.0 = Debug|Any CPU
		{6B473544-B34F-4DCC-A6E8-FD915850AF30}.Release|Any CPU.ActiveCfg = Release|Any CPU
		{6B473544-B34F-4DCC-A6E8-FD915850AF30}.Release|Any CPU.Build.0 = Release|Any CPU
	EndGlobalSection
	GlobalSection(SolutionProperties) = preSolution
		HideSolutionNode = FALSE
	EndGlobalSection
	GlobalSection(ExtensibilityGlobals) = postSolution
		SolutionGuid = {132FE08D-6A3E-4DCE-9D61-D5EA74FE1931}
	EndGlobalSection
EndGlobal
