
Microsoft Visual Studio Solution File, Format Version 12.00
# Visual Studio 15
VisualStudioVersion = 15.0.27428.2027
MinimumVisualStudioVersion = 10.0.40219.1
Project("{FAE04EC0-301F-11D3-BF4B-00C04F79EFBC}") = "Module01Week03(2)", "Module01Week03(2)\Module01Week03(2).csproj", "{61AC3CEE-F0A8-46CD-BFBF-DF8E2FCBA580}"
EndProject
Project("{FAE04EC0-301F-11D3-BF4B-00C04F79EFBC}") = "ClassLibrary", "ClassLibrary\ClassLibrary.csproj", "{8145E535-AFC0-4E63-8733-29FD53A299FF}"
EndProject
Global
	GlobalSection(SolutionConfigurationPlatforms) = preSolution
		Debug|Any CPU = Debug|Any CPU
		Release|Any CPU = Release|Any CPU
	EndGlobalSection
	GlobalSection(ProjectConfigurationPlatforms) = postSolution
		{61AC3CEE-F0A8-46CD-BFBF-DF8E2FCBA580}.Debug|Any CPU.ActiveCfg = Debug|Any CPU
		{61AC3CEE-F0A8-46CD-BFBF-DF8E2FCBA580}.Debug|Any CPU.Build.0 = Debug|Any CPU
		{61AC3CEE-F0A8-46CD-BFBF-DF8E2FCBA580}.Release|Any CPU.ActiveCfg = Release|Any CPU
		{61AC3CEE-F0A8-46CD-BFBF-DF8E2FCBA580}.Release|Any CPU.Build.0 = Release|Any CPU
		{8145E535-AFC0-4E63-8733-29FD53A299FF}.Debug|Any CPU.ActiveCfg = Debug|Any CPU
		{8145E535-AFC0-4E63-8733-29FD53A299FF}.Debug|Any CPU.Build.0 = Debug|Any CPU
		{8145E535-AFC0-4E63-8733-29FD53A299FF}.Release|Any CPU.ActiveCfg = Release|Any CPU
		{8145E535-AFC0-4E63-8733-29FD53A299FF}.Release|Any CPU.Build.0 = Release|Any CPU
	EndGlobalSection
	GlobalSection(SolutionProperties) = preSolution
		HideSolutionNode = FALSE
	EndGlobalSection
	GlobalSection(ExtensibilityGlobals) = postSolution
		SolutionGuid = {3061339F-31AF-48B0-8369-3195A2875D21}
	EndGlobalSection
EndGlobal
